// !$*UTF8*$!
{
	archiveVersion = 1;
	classes = {
	};
	objectVersion = 50;
	objects = {

/* Begin PBXBuildFile section */
		71DD42D227F668F300FEE095 /* AppDelegate.swift in Sources */ = {isa = PBXBuildFile; fileRef = 71DD42D127F668F300FEE095 /* AppDelegate.swift */; };
		71DD42D427F668F300FEE095 /* SceneDelegate.swift in Sources */ = {isa = PBXBuildFile; fileRef = 71DD42D327F668F300FEE095 /* SceneDelegate.swift */; };
		71DD42D627F668F300FEE095 /* ViewController.swift in Sources */ = {isa = PBXBuildFile; fileRef = 71DD42D527F668F300FEE095 /* ViewController.swift */; };
		71DD42D927F668F300FEE095 /* Main.storyboard in Resources */ = {isa = PBXBuildFile; fileRef = 71DD42D727F668F300FEE095 /* Main.storyboard */; };
		71DD42DC27F668F300FEE095 /* Perfil_Facebook.xcdatamodeld in Sources */ = {isa = PBXBuildFile; fileRef = 71DD42DA27F668F300FEE095 /* Perfil_Facebook.xcdatamodeld */; };
		71DD42DE27F668F300FEE095 /* Assets.xcassets in Resources */ = {isa = PBXBuildFile; fileRef = 71DD42DD27F668F300FEE095 /* Assets.xcassets */; };
		71DD42E127F668F300FEE095 /* LaunchScreen.storyboard in Resources */ = {isa = PBXBuildFile; fileRef = 71DD42DF27F668F300FEE095 /* LaunchScreen.storyboard */; };
		71DD42EC27F668F300FEE095 /* Perfil_FacebookTests.swift in Sources */ = {isa = PBXBuildFile; fileRef = 71DD42EB27F668F300FEE095 /* Perfil_FacebookTests.swift */; };
		71DD42F727F668F300FEE095 /* Perfil_FacebookUITests.swift in Sources */ = {isa = PBXBuildFile; fileRef = 71DD42F627F668F300FEE095 /* Perfil_FacebookUITests.swift */; };
/* End PBXBuildFile section */

/* Begin PBXContainerItemProxy section */
		71DD42E827F668F300FEE095 /* PBXContainerItemProxy */ = {
			isa = PBXContainerItemProxy;
			containerPortal = 71DD42C627F668F200FEE095 /* Project object */;
			proxyType = 1;
			remoteGlobalIDString = 71DD42CD27F668F300FEE095;
			remoteInfo = Perfil_Facebook;
		};
		71DD42F327F668F300FEE095 /* PBXContainerItemProxy */ = {
			isa = PBXContainerItemProxy;
			containerPortal = 71DD42C627F668F200FEE095 /* Project object */;
			proxyType = 1;
			remoteGlobalIDString = 71DD42CD27F668F300FEE095;
			remoteInfo = Perfil_Facebook;
		};
/* End PBXContainerItemProxy section */

/* Begin PBXFileReference section */
		71DD42CE27F668F300FEE095 /* Perfil_Facebook.app */ = {isa = PBXFileReference; explicitFileType = wrapper.application; includeInIndex = 0; path = Perfil_Facebook.app; sourceTree = BUILT_PRODUCTS_DIR; };
		71DD42D127F668F300FEE095 /* AppDelegate.swift */ = {isa = PBXFileReference; lastKnownFileType = sourcecode.swift; path = AppDelegate.swift; sourceTree = "<group>"; };
		71DD42D327F668F300FEE095 /* SceneDelegate.swift */ = {isa = PBXFileReference; lastKnownFileType = sourcecode.swift; path = SceneDelegate.swift; sourceTree = "<group>"; };
		71DD42D527F668F300FEE095 /* ViewController.swift */ = {isa = PBXFileReference; lastKnownFileType = sourcecode.swift; path = ViewController.swift; sourceTree = "<group>"; };
		71DD42D827F668F300FEE095 /* Base */ = {isa = PBXFileReference; lastKnownFileType = file.storyboard; name = Base; path = Base.lproj/Main.storyboard; sourceTree = "<group>"; };
		71DD42DB27F668F300FEE095 /* Perfil_Facebook.xcdatamodel */ = {isa = PBXFileReference; lastKnownFileType = wrapper.xcdatamodel; path = Perfil_Facebook.xcdatamodel; sourceTree = "<group>"; };
		71DD42DD27F668F300FEE095 /* Assets.xcassets */ = {isa = PBXFileReference; lastKnownFileType = folder.assetcatalog; path = Assets.xcassets; sourceTree = "<group>"; };
		71DD42E027F668F300FEE095 /* Base */ = {isa = PBXFileReference; lastKnownFileType = file.storyboard; name = Base; path = Base.lproj/LaunchScreen.storyboard; sourceTree = "<group>"; };
		71DD42E227F668F300FEE095 /* Info.plist */ = {isa = PBXFileReference; lastKnownFileType = text.plist.xml; path = Info.plist; sourceTree = "<group>"; };
		71DD42E727F668F300FEE095 /* Perfil_FacebookTests.xctest */ = {isa = PBXFileReference; explicitFileType = wrapper.cfbundle; includeInIndex = 0; path = Perfil_FacebookTests.xctest; sourceTree = BUILT_PRODUCTS_DIR; };
		71DD42EB27F668F300FEE095 /* Perfil_FacebookTests.swift */ = {isa = PBXFileReference; lastKnownFileType = sourcecode.swift; path = Perfil_FacebookTests.swift; sourceTree = "<group>"; };
		71DD42ED27F668F300FEE095 /* Info.plist */ = {isa = PBXFileReference; lastKnownFileType = text.plist.xml; path = Info.plist; sourceTree = "<group>"; };
		71DD42F227F668F300FEE095 /* Perfil_FacebookUITests.xctest */ = {isa = PBXFileReference; explicitFileType = wrapper.cfbundle; includeInIndex = 0; path = Perfil_FacebookUITests.xctest; sourceTree = BUILT_PRODUCTS_DIR; };
		71DD42F627F668F300FEE095 /* Perfil_FacebookUITests.swift */ = {isa = PBXFileReference; lastKnownFileType = sourcecode.swift; path = Perfil_FacebookUITests.swift; sourceTree = "<group>"; };
		71DD42F827F668F300FEE095 /* Info.plist */ = {isa = PBXFileReference; lastKnownFileType = text.plist.xml; path = Info.plist; sourceTree = "<group>"; };
/* End PBXFileReference section */

/* Begin PBXFrameworksBuildPhase section */
		71DD42CB27F668F300FEE095 /* Frameworks */ = {
			isa = PBXFrameworksBuildPhase;
			buildActionMask = 2147483647;
			files = (
			);
			runOnlyForDeploymentPostprocessing = 0;
		};
		71DD42E427F668F300FEE095 /* Frameworks */ = {
			isa = PBXFrameworksBuildPhase;
			buildActionMask = 2147483647;
			files = (
			);
			runOnlyForDeploymentPostprocessing = 0;
		};
		71DD42EF27F668F300FEE095 /* Frameworks */ = {
			isa = PBXFrameworksBuildPhase;
			buildActionMask = 2147483647;
			files = (
			);
			runOnlyForDeploymentPostprocessing = 0;
		};
/* End PBXFrameworksBuildPhase section */

/* Begin PBXGroup section */
		71DD42C527F668F200FEE095 = {
			isa = PBXGroup;
			children = (
				71DD42D027F668F300FEE095 /* Perfil_Facebook */,
				71DD42EA27F668F300FEE095 /* Perfil_FacebookTests */,
				71DD42F527F668F300FEE095 /* Perfil_FacebookUITests */,
				71DD42CF27F668F300FEE095 /* Products */,
			);
			sourceTree = "<group>";
		};
		71DD42CF27F668F300FEE095 /* Products */ = {
			isa = PBXGroup;
			children = (
				71DD42CE27F668F300FEE095 /* Perfil_Facebook.app */,
				71DD42E727F668F300FEE095 /* Perfil_FacebookTests.xctest */,
				71DD42F227F668F300FEE095 /* Perfil_FacebookUITests.xctest */,
			);
			name = Products;
			sourceTree = "<group>";
		};
		71DD42D027F668F300FEE095 /* Perfil_Facebook */ = {
			isa = PBXGroup;
			children = (
				71DD42D127F668F300FEE095 /* AppDelegate.swift */,
				71DD42D327F668F300FEE095 /* SceneDelegate.swift */,
				71DD42D527F668F300FEE095 /* ViewController.swift */,
				71DD42D727F668F300FEE095 /* Main.storyboard */,
				71DD42DD27F668F300FEE095 /* Assets.xcassets */,
				71DD42DF27F668F300FEE095 /* LaunchScreen.storyboard */,
				71DD42E227F668F300FEE095 /* Info.plist */,
				71DD42DA27F668F300FEE095 /* Perfil_Facebook.xcdatamodeld */,
			);
			path = Perfil_Facebook;
			sourceTree = "<group>";
		};
		71DD42EA27F668F300FEE095 /* Perfil_FacebookTests */ = {
			isa = PBXGroup;
			children = (
				71DD42EB27F668F300FEE095 /* Perfil_FacebookTests.swift */,
				71DD42ED27F668F300FEE095 /* Info.plist */,
			);
			path = Perfil_FacebookTests;
			sourceTree = "<group>";
		};
		71DD42F527F668F300FEE095 /* Perfil_FacebookUITests */ = {
			isa = PBXGroup;
			children = (
				71DD42F627F668F300FEE095 /* Perfil_FacebookUITests.swift */,
				71DD42F827F668F300FEE095 /* Info.plist */,
			);
			path = Perfil_FacebookUITests;
			sourceTree = "<group>";
		};
/* End PBXGroup section */

/* Begin PBXNativeTarget section */
		71DD42CD27F668F300FEE095 /* Perfil_Facebook */ = {
			isa = PBXNativeTarget;
			buildConfigurationList = 71DD42FB27F668F300FEE095 /* Build configuration list for PBXNativeTarget "Perfil_Facebook" */;
			buildPhases = (
				71DD42CA27F668F300FEE095 /* Sources */,
				71DD42CB27F668F300FEE095 /* Frameworks */,
				71DD42CC27F668F300FEE095 /* Resources */,
			);
			buildRules = (
			);
			dependencies = (
			);
			name = Perfil_Facebook;
			productName = Perfil_Facebook;
			productReference = 71DD42CE27F668F300FEE095 /* Perfil_Facebook.app */;
			productType = "com.apple.product-type.application";
		};
		71DD42E627F668F300FEE095 /* Perfil_FacebookTests */ = {
			isa = PBXNativeTarget;
			buildConfigurationList = 71DD42FE27F668F300FEE095 /* Build configuration list for PBXNativeTarget "Perfil_FacebookTests" */;
			buildPhases = (
				71DD42E327F668F300FEE095 /* Sources */,
				71DD42E427F668F300FEE095 /* Frameworks */,
				71DD42E527F668F300FEE095 /* Resources */,
			);
			buildRules = (
			);
			dependencies = (
				71DD42E927F668F300FEE095 /* PBXTargetDependency */,
			);
			name = Perfil_FacebookTests;
			productName = Perfil_FacebookTests;
			productReference = 71DD42E727F668F300FEE095 /* Perfil_FacebookTests.xctest */;
			productType = "com.apple.product-type.bundle.unit-test";
		};
		71DD42F127F668F300FEE095 /* Perfil_FacebookUITests */ = {
			isa = PBXNativeTarget;
			buildConfigurationList = 71DD430127F668F300FEE095 /* Build configuration list for PBXNativeTarget "Perfil_FacebookUITests" */;
			buildPhases = (
				71DD42EE27F668F300FEE095 /* Sources */,
				71DD42EF27F668F300FEE095 /* Frameworks */,
				71DD42F027F668F300FEE095 /* Resources */,
			);
			buildRules = (
			);
			dependencies = (
				71DD42F427F668F300FEE095 /* PBXTargetDependency */,
			);
			name = Perfil_FacebookUITests;
			productName = Perfil_FacebookUITests;
			productReference = 71DD42F227F668F300FEE095 /* Perfil_FacebookUITests.xctest */;
			productType = "com.apple.product-type.bundle.ui-testing";
		};
/* End PBXNativeTarget section */

/* Begin PBXProject section */
		71DD42C627F668F200FEE095 /* Project object */ = {
			isa = PBXProject;
			attributes = {
				LastSwiftUpdateCheck = 1230;
				LastUpgradeCheck = 1230;
				TargetAttributes = {
					71DD42CD27F668F300FEE095 = {
						CreatedOnToolsVersion = 12.3;
					};
					71DD42E627F668F300FEE095 = {
						CreatedOnToolsVersion = 12.3;
						TestTargetID = 71DD42CD27F668F300FEE095;
					};
					71DD42F127F668F300FEE095 = {
						CreatedOnToolsVersion = 12.3;
						TestTargetID = 71DD42CD27F668F300FEE095;
					};
				};
			};
			buildConfigurationList = 71DD42C927F668F200FEE095 /* Build configuration list for PBXProject "Perfil_Facebook" */;
			compatibilityVersion = "Xcode 9.3";
			developmentRegion = en;
			hasScannedForEncodings = 0;
			knownRegions = (
				en,
				Base,
			);
			mainGroup = 71DD42C527F668F200FEE095;
			productRefGroup = 71DD42CF27F668F300FEE095 /* Products */;
			projectDirPath = "";
			projectRoot = "";
			targets = (
				71DD42CD27F668F300FEE095 /* Perfil_Facebook */,
				71DD42E627F668F300FEE095 /* Perfil_FacebookTests */,
				71DD42F127F668F300FEE095 /* Perfil_FacebookUITests */,
			);
		};
/* End PBXProject section */

/* Begin PBXResourcesBuildPhase section */
		71DD42CC27F668F300FEE095 /* Resources */ = {
			isa = PBXResourcesBuildPhase;
			buildActionMask = 2147483647;
			files = (
				71DD42E127F668F300FEE095 /* LaunchScreen.storyboard in Resources */,
				71DD42DE27F668F300FEE095 /* Assets.xcassets in Resources */,
				71DD42D927F668F300FEE095 /* Main.storyboard in Resources */,
			);
			runOnlyForDeploymentPostprocessing = 0;
		};
		71DD42E527F668F300FEE095 /* Resources */ = {
			isa = PBXResourcesBuildPhase;
			buildActionMask = 2147483647;
			files = (
			);
			runOnlyForDeploymentPostprocessing = 0;
		};
		71DD42F027F668F300FEE095 /* Resources */ = {
			isa = PBXResourcesBuildPhase;
			buildActionMask = 2147483647;
			files = (
			);
			runOnlyForDeploymentPostprocessing = 0;
		};
/* End PBXResourcesBuildPhase section */

/* Begin PBXSourcesBuildPhase section */
		71DD42CA27F668F300FEE095 /* Sources */ = {
			isa = PBXSourcesBuildPhase;
			buildActionMask = 2147483647;
			files = (
				71DD42D627F668F300FEE095 /* ViewController.swift in Sources */,
				71DD42D227F668F300FEE095 /* AppDelegate.swift in Sources */,
				71DD42D427F668F300FEE095 /* SceneDelegate.swift in Sources */,
				71DD42DC27F668F300FEE095 /* Perfil_Facebook.xcdatamodeld in Sources */,
			);
			runOnlyForDeploymentPostprocessing = 0;
		};
		71DD42E327F668F300FEE095 /* Sources */ = {
			isa = PBXSourcesBuildPhase;
			buildActionMask = 2147483647;
			files = (
				71DD42EC27F668F300FEE095 /* Perfil_FacebookTests.swift in Sources */,
			);
			runOnlyForDeploymentPostprocessing = 0;
		};
		71DD42EE27F668F300FEE095 /* Sources */ = {
			isa = PBXSourcesBuildPhase;
			buildActionMask = 2147483647;
			files = (
				71DD42F727F668F300FEE095 /* Perfil_FacebookUITests.swift in Sources */,
			);
			runOnlyForDeploymentPostprocessing = 0;
		};
/* End PBXSourcesBuildPhase section */

/* Begin PBXTargetDependency section */
		71DD42E927F668F300FEE095 /* PBXTargetDependency */ = {
			isa = PBXTargetDependency;
			target = 71DD42CD27F668F300FEE095 /* Perfil_Facebook */;
			targetProxy = 71DD42E827F668F300FEE095 /* PBXContainerItemProxy */;
		};
		71DD42F427F668F300FEE095 /* PBXTargetDependency */ = {
			isa = PBXTargetDependency;
			target = 71DD42CD27F668F300FEE095 /* Perfil_Facebook */;
			targetProxy = 71DD42F327F668F300FEE095 /* PBXContainerItemProxy */;
		};
/* End PBXTargetDependency section */

/* Begin PBXVariantGroup section */
		71DD42D727F668F300FEE095 /* Main.storyboard */ = {
			isa = PBXVariantGroup;
			children = (
				71DD42D827F668F300FEE095 /* Base */,
			);
			name = Main.storyboard;
			sourceTree = "<group>";
		};
		71DD42DF27F668F300FEE095 /* LaunchScreen.storyboard */ = {
			isa = PBXVariantGroup;
			children = (
				71DD42E027F668F300FEE095 /* Base */,
			);
			name = LaunchScreen.storyboard;
			sourceTree = "<group>";
		};
/* End PBXVariantGroup section */

/* Begin XCBuildConfiguration section */
		71DD42F927F668F300FEE095 /* Debug */ = {
			isa = XCBuildConfiguration;
			buildSettings = {
				ALWAYS_SEARCH_USER_PATHS = NO;
				CLANG_ANALYZER_NONNULL = YES;
				CLANG_ANALYZER_NUMBER_OBJECT_CONVERSION = YES_AGGRESSIVE;
				CLANG_CXX_LANGUAGE_STANDARD = "gnu++14";
				CLANG_CXX_LIBRARY = "libc++";
				CLANG_ENABLE_MODULES = YES;
				CLANG_ENABLE_OBJC_ARC = YES;
				CLANG_ENABLE_OBJC_WEAK = YES;
				CLANG_WARN_BLOCK_CAPTURE_AUTORELEASING = YES;
				CLANG_WARN_BOOL_CONVERSION = YES;
				CLANG_WARN_COMMA = YES;
				CLANG_WARN_CONSTANT_CONVERSION = YES;
				CLANG_WARN_DEPRECATED_OBJC_IMPLEMENTATIONS = YES;
				CLANG_WARN_DIRECT_OBJC_ISA_USAGE = YES_ERROR;
				CLANG_WARN_DOCUMENTATION_COMMENTS = YES;
				CLANG_WARN_EMPTY_BODY = YES;
				CLANG_WARN_ENUM_CONVERSION = YES;
				CLANG_WARN_INFINITE_RECURSION = YES;
				CLANG_WARN_INT_CONVERSION = YES;
				CLANG_WARN_NON_LITERAL_NULL_CONVERSION = YES;
				CLANG_WARN_OBJC_IMPLICIT_RETAIN_SELF = YES;
				CLANG_WARN_OBJC_LITERAL_CONVERSION = YES;
				CLANG_WARN_OBJC_ROOT_CLASS = YES_ERROR;
				CLANG_WARN_QUOTED_INCLUDE_IN_FRAMEWORK_HEADER = YES;
				CLANG_WARN_RANGE_LOOP_ANALYSIS = YES;
				CLANG_WARN_STRICT_PROTOTYPES = YES;
				CLANG_WARN_SUSPICIOUS_MOVE = YES;
				CLANG_WARN_UNGUARDED_AVAILABILITY = YES_AGGRESSIVE;
				CLANG_WARN_UNREACHABLE_CODE = YES;
				CLANG_WARN__DUPLICATE_METHOD_MATCH = YES;
				COPY_PHASE_STRIP = NO;
				DEBUG_INFORMATION_FORMAT = dwarf;
				ENABLE_STRICT_OBJC_MSGSEND = YES;
				ENABLE_TESTABILITY = YES;
				GCC_C_LANGUAGE_STANDARD = gnu11;
				GCC_DYNAMIC_NO_PIC = NO;
				GCC_NO_COMMON_BLOCKS = YES;
				GCC_OPTIMIZATION_LEVEL = 0;
				GCC_PREPROCESSOR_DEFINITIONS = (
					"DEBUG=1",
					"$(inherited)",
				);
				GCC_WARN_64_TO_32_BIT_CONVERSION = YES;
				GCC_WARN_ABOUT_RETURN_TYPE = YES_ERROR;
				GCC_WARN_UNDECLARED_SELECTOR = YES;
				GCC_WARN_UNINITIALIZED_AUTOS = YES_AGGRESSIVE;
				GCC_WARN_UNUSED_FUNCTION = YES;
				GCC_WARN_UNUSED_VARIABLE = YES;
				IPHONEOS_DEPLOYMENT_TARGET = 14.3;
				MTL_ENABLE_DEBUG_INFO = INCLUDE_SOURCE;
				MTL_FAST_MATH = YES;
				ONLY_ACTIVE_ARCH = YES;
				SDKROOT = iphoneos;
				SWIFT_ACTIVE_COMPILATION_CONDITIONS = DEBUG;
				SWIFT_OPTIMIZATION_LEVEL = "-Onone";
			};
			name = Debug;
		};
		71DD42FA27F668F300FEE095 /* Release */ = {
			isa = XCBuildConfiguration;
			buildSettings = {
				ALWAYS_SEARCH_USER_PATHS = NO;
				CLANG_ANALYZER_NONNULL = YES;
				CLANG_ANALYZER_NUMBER_OBJECT_CONVERSION = YES_AGGRESSIVE;
				CLANG_CXX_LANGUAGE_STANDARD = "gnu++14";
				CLANG_CXX_LIBRARY = "libc++";
				CLANG_ENABLE_MODULES = YES;
				CLANG_ENABLE_OBJC_ARC = YES;
				CLANG_ENABLE_OBJC_WEAK = YES;
				CLANG_WARN_BLOCK_CAPTURE_AUTORELEASING = YES;
				CLANG_WARN_BOOL_CONVERSION = YES;
				CLANG_WARN_COMMA = YES;
				CLANG_WARN_CONSTANT_CONVERSION = YES;
				CLANG_WARN_DEPRECATED_OBJC_IMPLEMENTATIONS = YES;
				CLANG_WARN_DIRECT_OBJC_ISA_USAGE = YES_ERROR;
				CLANG_WARN_DOCUMENTATION_COMMENTS = YES;
				CLANG_WARN_EMPTY_BODY = YES;
				CLANG_WARN_ENUM_CONVERSION = YES;
				CLANG_WARN_INFINITE_RECURSION = YES;
				CLANG_WARN_INT_CONVERSION = YES;
				CLANG_WARN_NON_LITERAL_NULL_CONVERSION = YES;
				CLANG_WARN_OBJC_IMPLICIT_RETAIN_SELF = YES;
				CLANG_WARN_OBJC_LITERAL_CONVERSION = YES;
				CLANG_WARN_OBJC_ROOT_CLASS = YES_ERROR;
				CLANG_WARN_QUOTED_INCLUDE_IN_FRAMEWORK_HEADER = YES;
				CLANG_WARN_RANGE_LOOP_ANALYSIS = YES;
				CLANG_WARN_STRICT_PROTOTYPES = YES;
				CLANG_WARN_SUSPICIOUS_MOVE = YES;
				CLANG_WARN_UNGUARDED_AVAILABILITY = YES_AGGRESSIVE;
				CLANG_WARN_UNREACHABLE_CODE = YES;
				CLANG_WARN__DUPLICATE_METHOD_MATCH = YES;
				COPY_PHASE_STRIP = NO;
				DEBUG_INFORMATION_FORMAT = "dwarf-with-dsym";
				ENABLE_NS_ASSERTIONS = NO;
				ENABLE_STRICT_OBJC_MSGSEND = YES;
				GCC_C_LANGUAGE_STANDARD = gnu11;
				GCC_NO_COMMON_BLOCKS = YES;
				GCC_WARN_64_TO_32_BIT_CONVERSION = YES;
				GCC_WARN_ABOUT_RETURN_TYPE = YES_ERROR;
				GCC_WARN_UNDECLARED_SELECTOR = YES;
				GCC_WARN_UNINITIALIZED_AUTOS = YES_AGGRESSIVE;
				GCC_WARN_UNUSED_FUNCTION = YES;
				GCC_WARN_UNUSED_VARIABLE = YES;
				IPHONEOS_DEPLOYMENT_TARGET = 14.3;
				MTL_ENABLE_DEBUG_INFO = NO;
				MTL_FAST_MATH = YES;
				SDKROOT = iphoneos;
				SWIFT_COMPILATION_MODE = wholemodule;
				SWIFT_OPTIMIZATION_LEVEL = "-O";
				VALIDATE_PRODUCT = YES;
			};
			name = Release;
		};
		71DD42FC27F668F300FEE095 /* Debug */ = {
			isa = XCBuildConfiguration;
			buildSettings = {
				ASSETCATALOG_COMPILER_APPICON_NAME = AppIcon;
				ASSETCATALOG_COMPILER_GLOBAL_ACCENT_COLOR_NAME = AccentColor;
				CODE_SIGN_STYLE = Automatic;
				DEVELOPMENT_TEAM = N3C56KPUB2;
				INFOPLIST_FILE = Perfil_Facebook/Info.plist;
				LD_RUNPATH_SEARCH_PATHS = (
					"$(inherited)",
					"@executable_path/Frameworks",
				);
				PRODUCT_BUNDLE_IDENTIFIER = "ale.Perfil-Facebook";
				PRODUCT_NAME = "$(TARGET_NAME)";
				SWIFT_VERSION = 5.0;
				TARGETED_DEVICE_FAMILY = "1,2";
			};
			name = Debug;
		};
		71DD42FD27F668F300FEE095 /* Release */ = {
			isa = XCBuildConfiguration;
			buildSettings = {
				ASSETCATALOG_COMPILER_APPICON_NAME = AppIcon;
				ASSETCATALOG_COMPILER_GLOBAL_ACCENT_COLOR_NAME = AccentColor;
				CODE_SIGN_STYLE = Automatic;
				DEVELOPMENT_TEAM = N3C56KPUB2;
				INFOPLIST_FILE = Perfil_Facebook/Info.plist;
				LD_RUNPATH_SEARCH_PATHS = (
					"$(inherited)",
					"@executable_path/Frameworks",
				);
				PRODUCT_BUNDLE_IDENTIFIER = "ale.Perfil-Facebook";
				PRODUCT_NAME = "$(TARGET_NAME)";
				SWIFT_VERSION = 5.0;
				TARGETED_DEVICE_FAMILY = "1,2";
			};
			name = Release;
		};
		71DD42FF27F668F300FEE095 /* Debug */ = {
			isa = XCBuildConfiguration;
			buildSettings = {
				ALWAYS_EMBED_SWIFT_STANDARD_LIBRARIES = YES;
				BUNDLE_LOADER = "$(TEST_HOST)";
				CODE_SIGN_STYLE = Automatic;
				DEVELOPMENT_TEAM = N3C56KPUB2;
				INFOPLIST_FILE = Perfil_FacebookTests/Info.plist;
				IPHONEOS_DEPLOYMENT_TARGET = 14.3;
				LD_RUNPATH_SEARCH_PATHS = (
					"$(inherited)",
					"@executable_path/Frameworks",
					"@loader_path/Frameworks",
				);
				PRODUCT_BUNDLE_IDENTIFIER = "ale.Perfil-FacebookTests";
				PRODUCT_NAME = "$(TARGET_NAME)";
				SWIFT_VERSION = 5.0;
				TARGETED_DEVICE_FAMILY = "1,2";
				TEST_HOST = "$(BUILT_PRODUCTS_DIR)/Perfil_Facebook.app/Perfil_Facebook";
			};
			name = Debug;
		};
		71DD430027F668F300FEE095 /* Release */ = {
			isa = XCBuildConfiguration;
			buildSettings = {
				ALWAYS_EMBED_SWIFT_STANDARD_LIBRARIES = YES;
				BUNDLE_LOADER = "$(TEST_HOST)";
				CODE_SIGN_STYLE = Automatic;
				DEVELOPMENT_TEAM = N3C56KPUB2;
				INFOPLIST_FILE = Perfil_FacebookTests/Info.plist;
				IPHONEOS_DEPLOYMENT_TARGET = 14.3;
				LD_RUNPATH_SEARCH_PATHS = (
					"$(inherited)",
					"@executable_path/Frameworks",
					"@loader_path/Frameworks",
				);
				PRODUCT_BUNDLE_IDENTIFIER = "ale.Perfil-FacebookTests";
				PRODUCT_NAME = "$(TARGET_NAME)";
				SWIFT_VERSION = 5.0;
				TARGETED_DEVICE_FAMILY = "1,2";
				TEST_HOST = "$(BUILT_PRODUCTS_DIR)/Perfil_Facebook.app/Perfil_Facebook";
			};
			name = Release;
		};
		71DD430227F668F300FEE095 /* Debug */ = {
			isa = XCBuildConfiguration;
			buildSettings = {
				ALWAYS_EMBED_SWIFT_STANDARD_LIBRARIES = YES;
				CODE_SIGN_STYLE = Automatic;
				DEVELOPMENT_TEAM = N3C56KPUB2;
				INFOPLIST_FILE = Perfil_FacebookUITests/Info.plist;
				LD_RUNPATH_SEARCH_PATHS = (
					"$(inherited)",
					"@executable_path/Frameworks",
					"@loader_path/Frameworks",
				);
				PRODUCT_BUNDLE_IDENTIFIER = "ale.Perfil-FacebookUITests";
				PRODUCT_NAME = "$(TARGET_NAME)";
				SWIFT_VERSION = 5.0;
				TARGETED_DEVICE_FAMILY = "1,2";
				TEST_TARGET_NAME = Perfil_Facebook;
			};
			name = Debug;
		};
		71DD430327F668F300FEE095 /* Release */ = {
			isa = XCBuildConfiguration;
			buildSettings = {
				ALWAYS_EMBED_SWIFT_STANDARD_LIBRARIES = YES;
				CODE_SIGN_STYLE = Automatic;
				DEVELOPMENT_TEAM = N3C56KPUB2;
				INFOPLIST_FILE = Perfil_FacebookUITests/Info.plist;
				LD_RUNPATH_SEARCH_PATHS = (
					"$(inherited)",
					"@executable_path/Frameworks",
					"@loader_path/Frameworks",
				);
				PRODUCT_BUNDLE_IDENTIFIER = "ale.Perfil-FacebookUITests";
				PRODUCT_NAME = "$(TARGET_NAME)";
				SWIFT_VERSION = 5.0;
				TARGETED_DEVICE_FAMILY = "1,2";
				TEST_TARGET_NAME = Perfil_Facebook;
			};
			name = Release;
		};
/* End XCBuildConfiguration section */

/* Begin XCConfigurationList section */
		71DD42C927F668F200FEE095 /* Build configuration list for PBXProject "Perfil_Facebook" */ = {
			isa = XCConfigurationList;
			buildConfigurations = (
				71DD42F927F668F300FEE095 /* Debug */,
				71DD42FA27F668F300FEE095 /* Release */,
			);
			defaultConfigurationIsVisible = 0;
			defaultConfigurationName = Release;
		};
		71DD42FB27F668F300FEE095 /* Build configuration list for PBXNativeTarget "Perfil_Facebook" */ = {
			isa = XCConfigurationList;
			buildConfigurations = (
				71DD42FC27F668F300FEE095 /* Debug */,
				71DD42FD27F668F300FEE095 /* Release */,
			);
			defaultConfigurationIsVisible = 0;
			defaultConfigurationName = Release;
		};
		71DD42FE27F668F300FEE095 /* Build configuration list for PBXNativeTarget "Perfil_FacebookTests" */ = {
			isa = XCConfigurationList;
			buildConfigurations = (
				71DD42FF27F668F300FEE095 /* Debug */,
				71DD430027F668F300FEE095 /* Release */,
			);
			defaultConfigurationIsVisible = 0;
			defaultConfigurationName = Release;
		};
		71DD430127F668F300FEE095 /* Build configuration list for PBXNativeTarget "Perfil_FacebookUITests" */ = {
			isa = XCConfigurationList;
			buildConfigurations = (
				71DD430227F668F300FEE095 /* Debug */,
				71DD430327F668F300FEE095 /* Release */,
			);
			defaultConfigurationIsVisible = 0;
			defaultConfigurationName = Release;
		};
/* End XCConfigurationList section */

/* Begin XCVersionGroup section */
		71DD42DA27F668F300FEE095 /* Perfil_Facebook.xcdatamodeld */ = {
			isa = XCVersionGroup;
			children = (
				71DD42DB27F668F300FEE095 /* Perfil_Facebook.xcdatamodel */,
			);
			currentVersion = 71DD42DB27F668F300FEE095 /* Perfil_Facebook.xcdatamodel */;
			path = Perfil_Facebook.xcdatamodeld;
			sourceTree = "<group>";
			versionGroupType = wrapper.xcdatamodel;
		};
/* End XCVersionGroup section */
	};
	rootObject = 71DD42C627F668F200FEE095 /* Project object */;
}
